
Microsoft Visual Studio Solution File, Format Version 12.00
# Visual Studio Version 16
VisualStudioVersion = 16.0.29324.140
MinimumVisualStudioVersion = 10.0.40219.1
Project("{9A19103F-16F7-4668-BE54-9A1E7A4F7556}") = "Geolocalizador", "Geolocalizador\Geolocalizador.csproj", "{A95C6826-C634-45F2-AF66-716DB4B208EB}"
EndProject
Project("{9A19103F-16F7-4668-BE54-9A1E7A4F7556}") = "ApiGeo", "..\..\..\..\..\ApiGeo\ApiGeo.csproj", "{AE953818-FAD6-4103-AF2A-3D6CF0E1D829}"
EndProject
Global
	GlobalSection(SolutionConfigurationPlatforms) = preSolution
		Debug|Any CPU = Debug|Any CPU
		Release|Any CPU = Release|Any CPU
	EndGlobalSection
	GlobalSection(ProjectConfigurationPlatforms) = postSolution
		{A95C6826-C634-45F2-AF66-716DB4B208EB}.Debug|Any CPU.ActiveCfg = Debug|Any CPU
		{A95C6826-C634-45F2-AF66-716DB4B208EB}.Debug|Any CPU.Build.0 = Debug|Any CPU
		{A95C6826-C634-45F2-AF66-716DB4B208EB}.Release|Any CPU.ActiveCfg = Release|Any CPU
		{A95C6826-C634-45F2-AF66-716DB4B208EB}.Release|Any CPU.Build.0 = Release|Any CPU
		{AE953818-FAD6-4103-AF2A-3D6CF0E1D829}.Debug|Any CPU.ActiveCfg = Debug|Any CPU
		{AE953818-FAD6-4103-AF2A-3D6CF0E1D829}.Debug|Any CPU.Build.0 = Debug|Any CPU
		{AE953818-FAD6-4103-AF2A-3D6CF0E1D829}.Release|Any CPU.ActiveCfg = Release|Any CPU
		{AE953818-FAD6-4103-AF2A-3D6CF0E1D829}.Release|Any CPU.Build.0 = Release|Any CPU
	EndGlobalSection
	GlobalSection(SolutionProperties) = preSolution
		HideSolutionNode = FALSE
	EndGlobalSection
	GlobalSection(ExtensibilityGlobals) = postSolution
		SolutionGuid = {B3AED601-8981-4078-BD4D-C1475EADFE08}
	EndGlobalSection
EndGlobal
